
Microsoft Visual Studio Solution File, Format Version 12.00
# Visual Studio Version 16
VisualStudioVersion = 16.0.30517.126
MinimumVisualStudioVersion = 10.0.40219.1
Project("{FAE04EC0-301F-11D3-BF4B-00C04F79EFBC}") = "Dojo01_Yaghtin", "Dojo01_Yaghtin\Dojo01_Yaghtin.csproj", "{342962E8-EF9D-4B33-8475-9706E92B0816}"
EndProject
Global
	GlobalSection(SolutionConfigurationPlatforms) = preSolution
		Debug|Any CPU = Debug|Any CPU
		Release|Any CPU = Release|Any CPU
	EndGlobalSection
	GlobalSection(ProjectConfigurationPlatforms) = postSolution
		{342962E8-EF9D-4B33-8475-9706E92B0816}.Debug|Any CPU.ActiveCfg = Debug|Any CPU
		{342962E8-EF9D-4B33-8475-9706E92B0816}.Debug|Any CPU.Build.0 = Debug|Any CPU
		{342962E8-EF9D-4B33-8475-9706E92B0816}.Release|Any CPU.ActiveCfg = Release|Any CPU
		{342962E8-EF9D-4B33-8475-9706E92B0816}.Release|Any CPU.Build.0 = Release|Any CPU
	EndGlobalSection
	GlobalSection(SolutionProperties) = preSolution
		HideSolutionNode = FALSE
	EndGlobalSection
	GlobalSection(ExtensibilityGlobals) = postSolution
		SolutionGuid = {7A081D06-DA01-4F40-A8FA-A1C28B358283}
	EndGlobalSection
EndGlobal
